Microsoft Visual Studio Solution File, Format Version 12.00
# Visual Studio Version 17
VisualStudioVersion = 17.5.2.0
MinimumVisualStudioVersion = 10.0.40219.1
Project("{FAE04EC0-301F-11D3-BF4B-00C04F79EFBC}") = "Myproject", "Myproject\Myproject.csproj", "{BFB40626-61B2-99D6-4B1E-D76B0C91E446}"
EndProject
Global
	GlobalSection(SolutionConfigurationPlatforms) = preSolution
		Debug|Any CPU = Debug|Any CPU
		Release|Any CPU = Release|Any CPU
	EndGlobalSection
	GlobalSection(ProjectConfigurationPlatforms) = postSolution
		{BFB40626-61B2-99D6-4B1E-D76B0C91E446}.Debug|Any CPU.ActiveCfg = Debug|Any CPU
		{BFB40626-61B2-99D6-4B1E-D76B0C91E446}.Debug|Any CPU.Build.0 = Debug|Any CPU
		{BFB40626-61B2-99D6-4B1E-D76B0C91E446}.Release|Any CPU.ActiveCfg = Release|Any CPU
		{BFB40626-61B2-99D6-4B1E-D76B0C91E446}.Release|Any CPU.Build.0 = Release|Any CPU
	EndGlobalSection
	GlobalSection(SolutionProperties) = preSolution
		HideSolutionNode = FALSE
	EndGlobalSection
	GlobalSection(ExtensibilityGlobals) = postSolution
		SolutionGuid = {73D1E615-4F14-478C-B147-9A8DE3A60DD1}
	EndGlobalSection
EndGlobal
