
Microsoft Visual Studio Solution File, Format Version 12.00
# Visual Studio Version 17
VisualStudioVersion = 17.5.2.0
MinimumVisualStudioVersion = 10.0.40219.1
Project("{FAE04EC0-301F-11D3-BF4B-00C04F79EFBC}") = "spiegazione#dependencyInjection", "spiegazione#dependencyInjection\spiegazione#dependencyInjection.csproj", "{B5DDB29D-DAAF-F186-1177-AD6F94A2828E}"
EndProject
Project("{FAE04EC0-301F-11D3-BF4B-00C04F79EFBC}") = "esercizi#dependencyInjection", "esercizi#dependencyInjection\esercizi#dependencyInjection.csproj", "{D77E423D-0CBC-49BB-888C-F62902369FC7}"
EndProject
Project("{FAE04EC0-301F-11D3-BF4B-00C04F79EFBC}") = "esercizi#dependencyInjection#2", "esercizi#dependencyInjection#2\esercizi#dependencyInjection#2.csproj", "{70F01022-9399-40B5-A4AB-5B11185BDBAC}"
EndProject
Project("{FAE04EC0-301F-11D3-BF4B-00C04F79EFBC}") = "spiegazione#dependencySetter", "spiegazione#dependencySetter\spiegazione#dependencySetter.csproj", "{E3CB9E1C-1CEB-47CC-840F-B60FEA143B0E}"
EndProject
Project("{FAE04EC0-301F-11D3-BF4B-00C04F79EFBC}") = "esercizi#dependencySetter", "esercizi#dependencySetter\esercizi#dependencySetter.csproj", "{74E81DCD-5E6F-4B89-81DA-A82489DC0C7B}"
EndProject
Project("{FAE04EC0-301F-11D3-BF4B-00C04F79EFBC}") = "esercizi#dependencySetter#2", "esercizi#dependencySetter#2\esercizi#dependencySetter#2.csproj", "{328C89AC-99E8-4760-B9B2-1910099B58B6}"
EndProject
Global
	GlobalSection(SolutionConfigurationPlatforms) = preSolution
		Debug|Any CPU = Debug|Any CPU
		Debug|x64 = Debug|x64
		Debug|x86 = Debug|x86
		Release|Any CPU = Release|Any CPU
		Release|x64 = Release|x64
		Release|x86 = Release|x86
	EndGlobalSection
	GlobalSection(ProjectConfigurationPlatforms) = postSolution
		{B5DDB29D-DAAF-F186-1177-AD6F94A2828E}.Debug|Any CPU.ActiveCfg = Debug|Any CPU
		{B5DDB29D-DAAF-F186-1177-AD6F94A2828E}.Debug|Any CPU.Build.0 = Debug|Any CPU
		{B5DDB29D-DAAF-F186-1177-AD6F94A2828E}.Debug|x64.ActiveCfg = Debug|Any CPU
		{B5DDB29D-DAAF-F186-1177-AD6F94A2828E}.Debug|x64.Build.0 = Debug|Any CPU
		{B5DDB29D-DAAF-F186-1177-AD6F94A2828E}.Debug|x86.ActiveCfg = Debug|Any CPU
		{B5DDB29D-DAAF-F186-1177-AD6F94A2828E}.Debug|x86.Build.0 = Debug|Any CPU
		{B5DDB29D-DAAF-F186-1177-AD6F94A2828E}.Release|Any CPU.ActiveCfg = Release|Any CPU
		{B5DDB29D-DAAF-F186-1177-AD6F94A2828E}.Release|Any CPU.Build.0 = Release|Any CPU
		{B5DDB29D-DAAF-F186-1177-AD6F94A2828E}.Release|x64.ActiveCfg = Release|Any CPU
		{B5DDB29D-DAAF-F186-1177-AD6F94A2828E}.Release|x64.Build.0 = Release|Any CPU
		{B5DDB29D-DAAF-F186-1177-AD6F94A2828E}.Release|x86.ActiveCfg = Release|Any CPU
		{B5DDB29D-DAAF-F186-1177-AD6F94A2828E}.Release|x86.Build.0 = Release|Any CPU
		{D77E423D-0CBC-49BB-888C-F62902369FC7}.Debug|Any CPU.ActiveCfg = Debug|Any CPU
		{D77E423D-0CBC-49BB-888C-F62902369FC7}.Debug|Any CPU.Build.0 = Debug|Any CPU
		{D77E423D-0CBC-49BB-888C-F62902369FC7}.Debug|x64.ActiveCfg = Debug|Any CPU
		{D77E423D-0CBC-49BB-888C-F62902369FC7}.Debug|x64.Build.0 = Debug|Any CPU
		{D77E423D-0CBC-49BB-888C-F62902369FC7}.Debug|x86.ActiveCfg = Debug|Any CPU
		{D77E423D-0CBC-49BB-888C-F62902369FC7}.Debug|x86.Build.0 = Debug|Any CPU
		{D77E423D-0CBC-49BB-888C-F62902369FC7}.Release|Any CPU.ActiveCfg = Release|Any CPU
		{D77E423D-0CBC-49BB-888C-F62902369FC7}.Release|Any CPU.Build.0 = Release|Any CPU
		{D77E423D-0CBC-49BB-888C-F62902369FC7}.Release|x64.ActiveCfg = Release|Any CPU
		{D77E423D-0CBC-49BB-888C-F62902369FC7}.Release|x64.Build.0 = Release|Any CPU
		{D77E423D-0CBC-49BB-888C-F62902369FC7}.Release|x86.ActiveCfg = Release|Any CPU
		{D77E423D-0CBC-49BB-888C-F62902369FC7}.Release|x86.Build.0 = Release|Any CPU
		{70F01022-9399-40B5-A4AB-5B11185BDBAC}.Debug|Any CPU.ActiveCfg = Debug|Any CPU
		{70F01022-9399-40B5-A4AB-5B11185BDBAC}.Debug|Any CPU.Build.0 = Debug|Any CPU
		{70F01022-9399-40B5-A4AB-5B11185BDBAC}.Debug|x64.ActiveCfg = Debug|Any CPU
		{70F01022-9399-40B5-A4AB-5B11185BDBAC}.Debug|x64.Build.0 = Debug|Any CPU
		{70F01022-9399-40B5-A4AB-5B11185BDBAC}.Debug|x86.ActiveCfg = Debug|Any CPU
		{70F01022-9399-40B5-A4AB-5B11185BDBAC}.Debug|x86.Build.0 = Debug|Any CPU
		{70F01022-9399-40B5-A4AB-5B11185BDBAC}.Release|Any CPU.ActiveCfg = Release|Any CPU
		{70F01022-9399-40B5-A4AB-5B11185BDBAC}.Release|Any CPU.Build.0 = Release|Any CPU
		{70F01022-9399-40B5-A4AB-5B11185BDBAC}.Release|x64.ActiveCfg = Release|Any CPU
		{70F01022-9399-40B5-A4AB-5B11185BDBAC}.Release|x64.Build.0 = Release|Any CPU
		{70F01022-9399-40B5-A4AB-5B11185BDBAC}.Release|x86.ActiveCfg = Release|Any CPU
		{70F01022-9399-40B5-A4AB-5B11185BDBAC}.Release|x86.Build.0 = Release|Any CPU
		{E3CB9E1C-1CEB-47CC-840F-B60FEA143B0E}.Debug|Any CPU.ActiveCfg = Debug|Any CPU
		{E3CB9E1C-1CEB-47CC-840F-B60FEA143B0E}.Debug|Any CPU.Build.0 = Debug|Any CPU
		{E3CB9E1C-1CEB-47CC-840F-B60FEA143B0E}.Debug|x64.ActiveCfg = Debug|Any CPU
		{E3CB9E1C-1CEB-47CC-840F-B60FEA143B0E}.Debug|x64.Build.0 = Debug|Any CPU
		{E3CB9E1C-1CEB-47CC-840F-B60FEA143B0E}.Debug|x86.ActiveCfg = Debug|Any CPU
		{E3CB9E1C-1CEB-47CC-840F-B60FEA143B0E}.Debug|x86.Build.0 = Debug|Any CPU
		{E3CB9E1C-1CEB-47CC-840F-B60FEA143B0E}.Release|Any CPU.ActiveCfg = Release|Any CPU
		{E3CB9E1C-1CEB-47CC-840F-B60FEA143B0E}.Release|Any CPU.Build.0 = Release|Any CPU
		{E3CB9E1C-1CEB-47CC-840F-B60FEA143B0E}.Release|x64.ActiveCfg = Release|Any CPU
		{E3CB9E1C-1CEB-47CC-840F-B60FEA143B0E}.Release|x64.Build.0 = Release|Any CPU
		{E3CB9E1C-1CEB-47CC-840F-B60FEA143B0E}.Release|x86.ActiveCfg = Release|Any CPU
		{E3CB9E1C-1CEB-47CC-840F-B60FEA143B0E}.Release|x86.Build.0 = Release|Any CPU
		{74E81DCD-5E6F-4B89-81DA-A82489DC0C7B}.Debug|Any CPU.ActiveCfg = Debug|Any CPU
		{74E81DCD-5E6F-4B89-81DA-A82489DC0C7B}.Debug|Any CPU.Build.0 = Debug|Any CPU
		{74E81DCD-5E6F-4B89-81DA-A82489DC0C7B}.Debug|x64.ActiveCfg = Debug|Any CPU
		{74E81DCD-5E6F-4B89-81DA-A82489DC0C7B}.Debug|x64.Build.0 = Debug|Any CPU
		{74E81DCD-5E6F-4B89-81DA-A82489DC0C7B}.Debug|x86.ActiveCfg = Debug|Any CPU
		{74E81DCD-5E6F-4B89-81DA-A82489DC0C7B}.Debug|x86.Build.0 = Debug|Any CPU
		{74E81DCD-5E6F-4B89-81DA-A82489DC0C7B}.Release|Any CPU.ActiveCfg = Release|Any CPU
		{74E81DCD-5E6F-4B89-81DA-A82489DC0C7B}.Release|Any CPU.Build.0 = Release|Any CPU
		{74E81DCD-5E6F-4B89-81DA-A82489DC0C7B}.Release|x64.ActiveCfg = Release|Any CPU
		{74E81DCD-5E6F-4B89-81DA-A82489DC0C7B}.Release|x64.Build.0 = Release|Any CPU
		{74E81DCD-5E6F-4B89-81DA-A82489DC0C7B}.Release|x86.ActiveCfg = Release|Any CPU
		{74E81DCD-5E6F-4B89-81DA-A82489DC0C7B}.Release|x86.Build.0 = Release|Any CPU
		{328C89AC-99E8-4760-B9B2-1910099B58B6}.Debug|Any CPU.ActiveCfg = Debug|Any CPU
		{328C89AC-99E8-4760-B9B2-1910099B58B6}.Debug|Any CPU.Build.0 = Debug|Any CPU
		{328C89AC-99E8-4760-B9B2-1910099B58B6}.Debug|x64.ActiveCfg = Debug|Any CPU
		{328C89AC-99E8-4760-B9B2-1910099B58B6}.Debug|x64.Build.0 = Debug|Any CPU
		{328C89AC-99E8-4760-B9B2-1910099B58B6}.Debug|x86.ActiveCfg = Debug|Any CPU
		{328C89AC-99E8-4760-B9B2-1910099B58B6}.Debug|x86.Build.0 = Debug|Any CPU
		{328C89AC-99E8-4760-B9B2-1910099B58B6}.Release|Any CPU.ActiveCfg = Release|Any CPU
		{328C89AC-99E8-4760-B9B2-1910099B58B6}.Release|Any CPU.Build.0 = Release|Any CPU
		{328C89AC-99E8-4760-B9B2-1910099B58B6}.Release|x64.ActiveCfg = Release|Any CPU
		{328C89AC-99E8-4760-B9B2-1910099B58B6}.Release|x64.Build.0 = Release|Any CPU
		{328C89AC-99E8-4760-B9B2-1910099B58B6}.Release|x86.ActiveCfg = Release|Any CPU
		{328C89AC-99E8-4760-B9B2-1910099B58B6}.Release|x86.Build.0 = Release|Any CPU
	EndGlobalSection
	GlobalSection(SolutionProperties) = preSolution
		HideSolutionNode = FALSE
	EndGlobalSection
	GlobalSection(ExtensibilityGlobals) = postSolution
		SolutionGuid = {E5939B85-3FA6-44E5-8A0B-46CBC57B10CD}
	EndGlobalSection
EndGlobal
