
Microsoft Visual Studio Solution File, Format Version 12.00
# Visual Studio Version 17
VisualStudioVersion = 17.5.2.0
MinimumVisualStudioVersion = 10.0.40219.1
Project("{FAE04EC0-301F-11D3-BF4B-00C04F79EFBC}") = "esercizioVeicoli", "esercizioVeicoli\esercizioVeicoli.csproj", "{6560998D-BEA1-A72D-B15F-1435B28662B9}"
EndProject
Project("{FAE04EC0-301F-11D3-BF4B-00C04F79EFBC}") = "esercizioContoCorrente", "esercizioContoCorrente\esercizioContoCorrente.csproj", "{8CC6F932-98B8-40D1-9085-3ADF7D9FDDA0}"
EndProject
Global
	GlobalSection(SolutionConfigurationPlatforms) = preSolution
		Debug|Any CPU = Debug|Any CPU
		Debug|x64 = Debug|x64
		Debug|x86 = Debug|x86
		Release|Any CPU = Release|Any CPU
		Release|x64 = Release|x64
		Release|x86 = Release|x86
	EndGlobalSection
	GlobalSection(ProjectConfigurationPlatforms) = postSolution
		{6560998D-BEA1-A72D-B15F-1435B28662B9}.Debug|Any CPU.ActiveCfg = Debug|Any CPU
		{6560998D-BEA1-A72D-B15F-1435B28662B9}.Debug|Any CPU.Build.0 = Debug|Any CPU
		{6560998D-BEA1-A72D-B15F-1435B28662B9}.Debug|x64.ActiveCfg = Debug|Any CPU
		{6560998D-BEA1-A72D-B15F-1435B28662B9}.Debug|x64.Build.0 = Debug|Any CPU
		{6560998D-BEA1-A72D-B15F-1435B28662B9}.Debug|x86.ActiveCfg = Debug|Any CPU
		{6560998D-BEA1-A72D-B15F-1435B28662B9}.Debug|x86.Build.0 = Debug|Any CPU
		{6560998D-BEA1-A72D-B15F-1435B28662B9}.Release|Any CPU.ActiveCfg = Release|Any CPU
		{6560998D-BEA1-A72D-B15F-1435B28662B9}.Release|Any CPU.Build.0 = Release|Any CPU
		{6560998D-BEA1-A72D-B15F-1435B28662B9}.Release|x64.ActiveCfg = Release|Any CPU
		{6560998D-BEA1-A72D-B15F-1435B28662B9}.Release|x64.Build.0 = Release|Any CPU
		{6560998D-BEA1-A72D-B15F-1435B28662B9}.Release|x86.ActiveCfg = Release|Any CPU
		{6560998D-BEA1-A72D-B15F-1435B28662B9}.Release|x86.Build.0 = Release|Any CPU
		{8CC6F932-98B8-40D1-9085-3ADF7D9FDDA0}.Debug|Any CPU.ActiveCfg = Debug|Any CPU
		{8CC6F932-98B8-40D1-9085-3ADF7D9FDDA0}.Debug|Any CPU.Build.0 = Debug|Any CPU
		{8CC6F932-98B8-40D1-9085-3ADF7D9FDDA0}.Debug|x64.ActiveCfg = Debug|Any CPU
		{8CC6F932-98B8-40D1-9085-3ADF7D9FDDA0}.Debug|x64.Build.0 = Debug|Any CPU
		{8CC6F932-98B8-40D1-9085-3ADF7D9FDDA0}.Debug|x86.ActiveCfg = Debug|Any CPU
		{8CC6F932-98B8-40D1-9085-3ADF7D9FDDA0}.Debug|x86.Build.0 = Debug|Any CPU
		{8CC6F932-98B8-40D1-9085-3ADF7D9FDDA0}.Release|Any CPU.ActiveCfg = Release|Any CPU
		{8CC6F932-98B8-40D1-9085-3ADF7D9FDDA0}.Release|Any CPU.Build.0 = Release|Any CPU
		{8CC6F932-98B8-40D1-9085-3ADF7D9FDDA0}.Release|x64.ActiveCfg = Release|Any CPU
		{8CC6F932-98B8-40D1-9085-3ADF7D9FDDA0}.Release|x64.Build.0 = Release|Any CPU
		{8CC6F932-98B8-40D1-9085-3ADF7D9FDDA0}.Release|x86.ActiveCfg = Release|Any CPU
		{8CC6F932-98B8-40D1-9085-3ADF7D9FDDA0}.Release|x86.Build.0 = Release|Any CPU
	EndGlobalSection
	GlobalSection(SolutionProperties) = preSolution
		HideSolutionNode = FALSE
	EndGlobalSection
	GlobalSection(ExtensibilityGlobals) = postSolution
		SolutionGuid = {9B48A506-F629-4D3A-BB7D-91EFDB57E498}
	EndGlobalSection
EndGlobal
